
Microsoft Visual Studio Solution File, Format Version 12.00
# Visual Studio Version 17
VisualStudioVersion = 17.0.31903.59
MinimumVisualStudioVersion = 10.0.40219.1
Project("{FAE04EC0-301F-11D3-BF4B-00C04F79EFBC}") = "BuberBreakfast", "BuberBreakfast\BuberBreakfast.csproj", "{23615BF6-9053-48C7-9B3E-3F7397BF0AA9}"
EndProject
Project("{FAE04EC0-301F-11D3-BF4B-00C04F79EFBC}") = "BuberBreakfast.Contracts", "BuberBreakfast.Contracts\BuberBreakfast.Contracts.csproj", "{B4DF43EE-4CB7-4465-8424-69E4E316B3D2}"
EndProject
Global
	GlobalSection(SolutionConfigurationPlatforms) = preSolution
		Debug|Any CPU = Debug|Any CPU
		Release|Any CPU = Release|Any CPU
	EndGlobalSection
	GlobalSection(SolutionProperties) = preSolution
		HideSolutionNode = FALSE
	EndGlobalSection
	GlobalSection(ProjectConfigurationPlatforms) = postSolution
		{23615BF6-9053-48C7-9B3E-3F7397BF0AA9}.Debug|Any CPU.ActiveCfg = Debug|Any CPU
		{23615BF6-9053-48C7-9B3E-3F7397BF0AA9}.Debug|Any CPU.Build.0 = Debug|Any CPU
		{23615BF6-9053-48C7-9B3E-3F7397BF0AA9}.Release|Any CPU.ActiveCfg = Release|Any CPU
		{23615BF6-9053-48C7-9B3E-3F7397BF0AA9}.Release|Any CPU.Build.0 = Release|Any CPU
		{B4DF43EE-4CB7-4465-8424-69E4E316B3D2}.Debug|Any CPU.ActiveCfg = Debug|Any CPU
		{B4DF43EE-4CB7-4465-8424-69E4E316B3D2}.Debug|Any CPU.Build.0 = Debug|Any CPU
		{B4DF43EE-4CB7-4465-8424-69E4E316B3D2}.Release|Any CPU.ActiveCfg = Release|Any CPU
		{B4DF43EE-4CB7-4465-8424-69E4E316B3D2}.Release|Any CPU.Build.0 = Release|Any CPU
	EndGlobalSection
EndGlobal
